
Microsoft Visual Studio Solution File, Format Version 12.00
# Visual Studio Version 17
VisualStudioVersion = 17.2.32526.322
MinimumVisualStudioVersion = 10.0.40219.1
Project("{FAE04EC0-301F-11D3-BF4B-00C04F79EFBC}") = "ShopOnline.Web", "ShopOnline.Web\ShopOnline.Web.csproj", "{7E6C2CD6-7B5A-4EE5-948A-6A463871101E}"
EndProject
Project("{FAE04EC0-301F-11D3-BF4B-00C04F79EFBC}") = "ShopOnline.Api", "ShopOnline.Api\ShopOnline.Api.csproj", "{563CFE87-128C-40AB-92B2-D36155593060}"
EndProject
Global
	GlobalSection(SolutionConfigurationPlatforms) = preSolution
		Debug|Any CPU = Debug|Any CPU
		Release|Any CPU = Release|Any CPU
	EndGlobalSection
	GlobalSection(ProjectConfigurationPlatforms) = postSolution
		{7E6C2CD6-7B5A-4EE5-948A-6A463871101E}.Debug|Any CPU.ActiveCfg = Debug|Any CPU
		{7E6C2CD6-7B5A-4EE5-948A-6A463871101E}.Debug|Any CPU.Build.0 = Debug|Any CPU
		{7E6C2CD6-7B5A-4EE5-948A-6A463871101E}.Release|Any CPU.ActiveCfg = Release|Any CPU
		{7E6C2CD6-7B5A-4EE5-948A-6A463871101E}.Release|Any CPU.Build.0 = Release|Any CPU
		{563CFE87-128C-40AB-92B2-D36155593060}.Debug|Any CPU.ActiveCfg = Debug|Any CPU
		{563CFE87-128C-40AB-92B2-D36155593060}.Debug|Any CPU.Build.0 = Debug|Any CPU
		{563CFE87-128C-40AB-92B2-D36155593060}.Release|Any CPU.ActiveCfg = Release|Any CPU
		{563CFE87-128C-40AB-92B2-D36155593060}.Release|Any CPU.Build.0 = Release|Any CPU
	EndGlobalSection
	GlobalSection(SolutionProperties) = preSolution
		HideSolutionNode = FALSE
	EndGlobalSection
	GlobalSection(ExtensibilityGlobals) = postSolution
		SolutionGuid = {28071E72-FF98-4389-AE11-9028C5A09996}
	EndGlobalSection
EndGlobal
